
Microsoft Visual Studio Solution File, Format Version 12.00
# Visual Studio Version 17
VisualStudioVersion = 17.8.34322.80
MinimumVisualStudioVersion = 10.0.40219.1
Project("{FAE04EC0-301F-11D3-BF4B-00C04F79EFBC}") = "CryptoAPI", "CryptoAPI\CryptoAPI.csproj", "{8A3C1D0C-1C59-4600-9A01-D00F3CE1ABCC}"
EndProject
Global
	GlobalSection(SolutionConfigurationPlatforms) = preSolution
		Debug|Any CPU = Debug|Any CPU
		Release|Any CPU = Release|Any CPU
	EndGlobalSection
	GlobalSection(ProjectConfigurationPlatforms) = postSolution
		{8A3C1D0C-1C59-4600-9A01-D00F3CE1ABCC}.Debug|Any CPU.ActiveCfg = Debug|Any CPU
		{8A3C1D0C-1C59-4600-9A01-D00F3CE1ABCC}.Debug|Any CPU.Build.0 = Debug|Any CPU
		{8A3C1D0C-1C59-4600-9A01-D00F3CE1ABCC}.Release|Any CPU.ActiveCfg = Release|Any CPU
		{8A3C1D0C-1C59-4600-9A01-D00F3CE1ABCC}.Release|Any CPU.Build.0 = Release|Any CPU
	EndGlobalSection
	GlobalSection(SolutionProperties) = preSolution
		HideSolutionNode = FALSE
	EndGlobalSection
	GlobalSection(ExtensibilityGlobals) = postSolution
		SolutionGuid = {0A3FDAC5-30AF-4901-AF05-A5ACC1B316B0}
	EndGlobalSection
EndGlobal
